// !$*UTF8*$!
{
	archiveVersion = 1;
	classes = {
	};
	objectVersion = 50;
	objects = {

/* Begin PBXBuildFile section */
		4C65557525FD433300A0F37D /* BottomView.swift in Sources */ = {isa = PBXBuildFile; fileRef = 4C65557425FD433300A0F37D /* BottomView.swift */; };
		4CC6BEAB25FCBB4000179E13 /* MovieCardView.swift in Sources */ = {isa = PBXBuildFile; fileRef = 4CC6BEAA25FCBB4000179E13 /* MovieCardView.swift */; };
		4CC6BEB925FCBE3600179E13 /* MovieDetailInterfaces.swift in Sources */ = {isa = PBXBuildFile; fileRef = 4CC6BEB425FCBE3600179E13 /* MovieDetailInterfaces.swift */; };
		4CC6BEBA25FCBE3600179E13 /* MovieDetailPresenter.swift in Sources */ = {isa = PBXBuildFile; fileRef = 4CC6BEB525FCBE3600179E13 /* MovieDetailPresenter.swift */; };
		4CC6BEBB25FCBE3600179E13 /* MovieDetailViewController.swift in Sources */ = {isa = PBXBuildFile; fileRef = 4CC6BEB625FCBE3600179E13 /* MovieDetailViewController.swift */; };
		4CC6BEBC25FCBE3600179E13 /* MovieDetailInteractor.swift in Sources */ = {isa = PBXBuildFile; fileRef = 4CC6BEB725FCBE3600179E13 /* MovieDetailInteractor.swift */; };
		4CC6BEBD25FCBE3600179E13 /* MovieDetailWireframe.swift in Sources */ = {isa = PBXBuildFile; fileRef = 4CC6BEB825FCBE3600179E13 /* MovieDetailWireframe.swift */; };
		4CC6BEC525FCD28D00179E13 /* ReviewModel.swift in Sources */ = {isa = PBXBuildFile; fileRef = 4CC6BEC425FCD28D00179E13 /* ReviewModel.swift */; };
		4CC6BECB25FCD46500179E13 /* ReviewCollectionViewCell.swift in Sources */ = {isa = PBXBuildFile; fileRef = 4CC6BECA25FCD46500179E13 /* ReviewCollectionViewCell.swift */; };
		4CC6BED825FCF16F00179E13 /* FavoriteMovieListInterfaces.swift in Sources */ = {isa = PBXBuildFile; fileRef = 4CC6BED325FCF16F00179E13 /* FavoriteMovieListInterfaces.swift */; };
		4CC6BED925FCF16F00179E13 /* FavoriteMovieListPresenter.swift in Sources */ = {isa = PBXBuildFile; fileRef = 4CC6BED425FCF16F00179E13 /* FavoriteMovieListPresenter.swift */; };
		4CC6BEDA25FCF16F00179E13 /* FavoriteMovieListViewController.swift in Sources */ = {isa = PBXBuildFile; fileRef = 4CC6BED525FCF16F00179E13 /* FavoriteMovieListViewController.swift */; };
		4CC6BEDB25FCF16F00179E13 /* FavoriteMovieListInteractor.swift in Sources */ = {isa = PBXBuildFile; fileRef = 4CC6BED625FCF16F00179E13 /* FavoriteMovieListInteractor.swift */; };
		4CC6BEDC25FCF16F00179E13 /* FavoriteMovieListWireframe.swift in Sources */ = {isa = PBXBuildFile; fileRef = 4CC6BED725FCF16F00179E13 /* FavoriteMovieListWireframe.swift */; };
		4CC6BEE125FCF23F00179E13 /* UserDefaultsHelper.swift in Sources */ = {isa = PBXBuildFile; fileRef = 4CC6BEE025FCF23F00179E13 /* UserDefaultsHelper.swift */; };
		4CC845C625FBDDD1007D316E /* AppDelegate.swift in Sources */ = {isa = PBXBuildFile; fileRef = 4CC845C525FBDDD1007D316E /* AppDelegate.swift */; };
		4CC845C825FBDDD1007D316E /* SceneDelegate.swift in Sources */ = {isa = PBXBuildFile; fileRef = 4CC845C725FBDDD1007D316E /* SceneDelegate.swift */; };
		4CC845CA25FBDDD1007D316E /* ViewController.swift in Sources */ = {isa = PBXBuildFile; fileRef = 4CC845C925FBDDD1007D316E /* ViewController.swift */; };
		4CC845CF25FBDDD3007D316E /* Assets.xcassets in Resources */ = {isa = PBXBuildFile; fileRef = 4CC845CE25FBDDD3007D316E /* Assets.xcassets */; };
		4CC845D225FBDDD3007D316E /* LaunchScreen.storyboard in Resources */ = {isa = PBXBuildFile; fileRef = 4CC845D025FBDDD3007D316E /* LaunchScreen.storyboard */; };
		4CC845DD25FBDDD4007D316E /* Kitabisa_TestTests.swift in Sources */ = {isa = PBXBuildFile; fileRef = 4CC845DC25FBDDD4007D316E /* Kitabisa_TestTests.swift */; };
		4CC845E825FBDDD4007D316E /* Kitabisa_TestUITests.swift in Sources */ = {isa = PBXBuildFile; fileRef = 4CC845E725FBDDD4007D316E /* Kitabisa_TestUITests.swift */; };
		4CC845FF25FBDE3F007D316E /* BaseWireframe.swift in Sources */ = {isa = PBXBuildFile; fileRef = 4CC845FA25FBDE3F007D316E /* BaseWireframe.swift */; };
		4CC8460025FBDE3F007D316E /* Extensions.swift in Sources */ = {isa = PBXBuildFile; fileRef = 4CC845FB25FBDE3F007D316E /* Extensions.swift */; };
		4CC8460125FBDE3F007D316E /* PresenterInterface.swift in Sources */ = {isa = PBXBuildFile; fileRef = 4CC845FC25FBDE3F007D316E /* PresenterInterface.swift */; };
		4CC8460225FBDE3F007D316E /* ViewInterface.swift in Sources */ = {isa = PBXBuildFile; fileRef = 4CC845FD25FBDE3F007D316E /* ViewInterface.swift */; };
		4CC8460325FBDE3F007D316E /* InteractorInterface.swift in Sources */ = {isa = PBXBuildFile; fileRef = 4CC845FE25FBDE3F007D316E /* InteractorInterface.swift */; };
		4CC8460C25FBDE5B007D316E /* MovieListInterfaces.swift in Sources */ = {isa = PBXBuildFile; fileRef = 4CC8460725FBDE5B007D316E /* MovieListInterfaces.swift */; };
		4CC8460D25FBDE5B007D316E /* MovieListPresenter.swift in Sources */ = {isa = PBXBuildFile; fileRef = 4CC8460825FBDE5B007D316E /* MovieListPresenter.swift */; };
		4CC8460E25FBDE5B007D316E /* MovieListViewController.swift in Sources */ = {isa = PBXBuildFile; fileRef = 4CC8460925FBDE5B007D316E /* MovieListViewController.swift */; };
		4CC8460F25FBDE5B007D316E /* MovieListInteractor.swift in Sources */ = {isa = PBXBuildFile; fileRef = 4CC8460A25FBDE5B007D316E /* MovieListInteractor.swift */; };
		4CC8461025FBDE5B007D316E /* MovieListWireframe.swift in Sources */ = {isa = PBXBuildFile; fileRef = 4CC8460B25FBDE5B007D316E /* MovieListWireframe.swift */; };
		4CC8461C25FBE254007D316E /* MovieCollectionViewCell.swift in Sources */ = {isa = PBXBuildFile; fileRef = 4CC8461B25FBE254007D316E /* MovieCollectionViewCell.swift */; };
		4CC8462525FBE441007D316E /* CustomImageView.swift in Sources */ = {isa = PBXBuildFile; fileRef = 4CC8462425FBE441007D316E /* CustomImageView.swift */; };
		4CC8462E25FBE738007D316E /* MovieModel.swift in Sources */ = {isa = PBXBuildFile; fileRef = 4CC8462D25FBE738007D316E /* MovieModel.swift */; };
		4CC8463625FBEC37007D316E /* URLHelper.swift in Sources */ = {isa = PBXBuildFile; fileRef = 4CC8463525FBEC37007D316E /* URLHelper.swift */; };
		4CC8464125FBF935007D316E /* BaseResponseModel.swift in Sources */ = {isa = PBXBuildFile; fileRef = 4CC8464025FBF935007D316E /* BaseResponseModel.swift */; };
/* End PBXBuildFile section */

/* Begin PBXContainerItemProxy section */
		4CC845D925FBDDD4007D316E /* PBXContainerItemProxy */ = {
			isa = PBXContainerItemProxy;
			containerPortal = 4CC845BA25FBDDD1007D316E /* Project object */;
			proxyType = 1;
			remoteGlobalIDString = 4CC845C125FBDDD1007D316E;
			remoteInfo = "Kitabisa Test";
		};
		4CC845E425FBDDD4007D316E /* PBXContainerItemProxy */ = {
			isa = PBXContainerItemProxy;
			containerPortal = 4CC845BA25FBDDD1007D316E /* Project object */;
			proxyType = 1;
			remoteGlobalIDString = 4CC845C125FBDDD1007D316E;
			remoteInfo = "Kitabisa Test";
		};
/* End PBXContainerItemProxy section */

/* Begin PBXFileReference section */
		4C65557425FD433300A0F37D /* BottomView.swift */ = {isa = PBXFileReference; lastKnownFileType = sourcecode.swift; path = BottomView.swift; sourceTree = "<group>"; };
		4CC6BEAA25FCBB4000179E13 /* MovieCardView.swift */ = {isa = PBXFileReference; lastKnownFileType = sourcecode.swift; path = MovieCardView.swift; sourceTree = "<group>"; };
		4CC6BEB425FCBE3600179E13 /* MovieDetailInterfaces.swift */ = {isa = PBXFileReference; lastKnownFileType = sourcecode.swift; path = MovieDetailInterfaces.swift; sourceTree = "<group>"; };
		4CC6BEB525FCBE3600179E13 /* MovieDetailPresenter.swift */ = {isa = PBXFileReference; lastKnownFileType = sourcecode.swift; path = MovieDetailPresenter.swift; sourceTree = "<group>"; };
		4CC6BEB625FCBE3600179E13 /* MovieDetailViewController.swift */ = {isa = PBXFileReference; lastKnownFileType = sourcecode.swift; path = MovieDetailViewController.swift; sourceTree = "<group>"; };
		4CC6BEB725FCBE3600179E13 /* MovieDetailInteractor.swift */ = {isa = PBXFileReference; lastKnownFileType = sourcecode.swift; path = MovieDetailInteractor.swift; sourceTree = "<group>"; };
		4CC6BEB825FCBE3600179E13 /* MovieDetailWireframe.swift */ = {isa = PBXFileReference; lastKnownFileType = sourcecode.swift; path = MovieDetailWireframe.swift; sourceTree = "<group>"; };
		4CC6BEC425FCD28D00179E13 /* ReviewModel.swift */ = {isa = PBXFileReference; lastKnownFileType = sourcecode.swift; path = ReviewModel.swift; sourceTree = "<group>"; };
		4CC6BECA25FCD46500179E13 /* ReviewCollectionViewCell.swift */ = {isa = PBXFileReference; lastKnownFileType = sourcecode.swift; path = ReviewCollectionViewCell.swift; sourceTree = "<group>"; };
		4CC6BED325FCF16F00179E13 /* FavoriteMovieListInterfaces.swift */ = {isa = PBXFileReference; lastKnownFileType = sourcecode.swift; path = FavoriteMovieListInterfaces.swift; sourceTree = "<group>"; };
		4CC6BED425FCF16F00179E13 /* FavoriteMovieListPresenter.swift */ = {isa = PBXFileReference; lastKnownFileType = sourcecode.swift; path = FavoriteMovieListPresenter.swift; sourceTree = "<group>"; };
		4CC6BED525FCF16F00179E13 /* FavoriteMovieListViewController.swift */ = {isa = PBXFileReference; lastKnownFileType = sourcecode.swift; path = FavoriteMovieListViewController.swift; sourceTree = "<group>"; };
		4CC6BED625FCF16F00179E13 /* FavoriteMovieListInteractor.swift */ = {isa = PBXFileReference; lastKnownFileType = sourcecode.swift; path = FavoriteMovieListInteractor.swift; sourceTree = "<group>"; };
		4CC6BED725FCF16F00179E13 /* FavoriteMovieListWireframe.swift */ = {isa = PBXFileReference; lastKnownFileType = sourcecode.swift; path = FavoriteMovieListWireframe.swift; sourceTree = "<group>"; };
		4CC6BEE025FCF23F00179E13 /* UserDefaultsHelper.swift */ = {isa = PBXFileReference; lastKnownFileType = sourcecode.swift; path = UserDefaultsHelper.swift; sourceTree = "<group>"; };
		4CC845C225FBDDD1007D316E /* Kitabisa Test.app */ = {isa = PBXFileReference; explicitFileType = wrapper.application; includeInIndex = 0; path = "Kitabisa Test.app"; sourceTree = BUILT_PRODUCTS_DIR; };
		4CC845C525FBDDD1007D316E /* AppDelegate.swift */ = {isa = PBXFileReference; lastKnownFileType = sourcecode.swift; path = AppDelegate.swift; sourceTree = "<group>"; };
		4CC845C725FBDDD1007D316E /* SceneDelegate.swift */ = {isa = PBXFileReference; lastKnownFileType = sourcecode.swift; path = SceneDelegate.swift; sourceTree = "<group>"; };
		4CC845C925FBDDD1007D316E /* ViewController.swift */ = {isa = PBXFileReference; lastKnownFileType = sourcecode.swift; path = ViewController.swift; sourceTree = "<group>"; };
		4CC845CE25FBDDD3007D316E /* Assets.xcassets */ = {isa = PBXFileReference; lastKnownFileType = folder.assetcatalog; path = Assets.xcassets; sourceTree = "<group>"; };
		4CC845D125FBDDD3007D316E /* Base */ = {isa = PBXFileReference; lastKnownFileType = file.storyboard; name = Base; path = Base.lproj/LaunchScreen.storyboard; sourceTree = "<group>"; };
		4CC845D325FBDDD3007D316E /* Info.plist */ = {isa = PBXFileReference; lastKnownFileType = text.plist.xml; path = Info.plist; sourceTree = "<group>"; };
		4CC845D825FBDDD4007D316E /* Kitabisa TestTests.xctest */ = {isa = PBXFileReference; explicitFileType = wrapper.cfbundle; includeInIndex = 0; path = "Kitabisa TestTests.xctest"; sourceTree = BUILT_PRODUCTS_DIR; };
		4CC845DC25FBDDD4007D316E /* Kitabisa_TestTests.swift */ = {isa = PBXFileReference; lastKnownFileType = sourcecode.swift; path = Kitabisa_TestTests.swift; sourceTree = "<group>"; };
		4CC845DE25FBDDD4007D316E /* Info.plist */ = {isa = PBXFileReference; lastKnownFileType = text.plist.xml; path = Info.plist; sourceTree = "<group>"; };
		4CC845E325FBDDD4007D316E /* Kitabisa TestUITests.xctest */ = {isa = PBXFileReference; explicitFileType = wrapper.cfbundle; includeInIndex = 0; path = "Kitabisa TestUITests.xctest"; sourceTree = BUILT_PRODUCTS_DIR; };
		4CC845E725FBDDD4007D316E /* Kitabisa_TestUITests.swift */ = {isa = PBXFileReference; lastKnownFileType = sourcecode.swift; path = Kitabisa_TestUITests.swift; sourceTree = "<group>"; };
		4CC845E925FBDDD4007D316E /* Info.plist */ = {isa = PBXFileReference; lastKnownFileType = text.plist.xml; path = Info.plist; sourceTree = "<group>"; };
		4CC845FA25FBDE3F007D316E /* BaseWireframe.swift */ = {isa = PBXFileReference; fileEncoding = 4; lastKnownFileType = sourcecode.swift; path = BaseWireframe.swift; sourceTree = "<group>"; };
		4CC845FB25FBDE3F007D316E /* Extensions.swift */ = {isa = PBXFileReference; fileEncoding = 4; lastKnownFileType = sourcecode.swift; path = Extensions.swift; sourceTree = "<group>"; };
		4CC845FC25FBDE3F007D316E /* PresenterInterface.swift */ = {isa = PBXFileReference; fileEncoding = 4; lastKnownFileType = sourcecode.swift; path = PresenterInterface.swift; sourceTree = "<group>"; };
		4CC845FD25FBDE3F007D316E /* ViewInterface.swift */ = {isa = PBXFileReference; fileEncoding = 4; lastKnownFileType = sourcecode.swift; path = ViewInterface.swift; sourceTree = "<group>"; };
		4CC845FE25FBDE3F007D316E /* InteractorInterface.swift */ = {isa = PBXFileReference; fileEncoding = 4; lastKnownFileType = sourcecode.swift; path = InteractorInterface.swift; sourceTree = "<group>"; };
		4CC8460725FBDE5B007D316E /* MovieListInterfaces.swift */ = {isa = PBXFileReference; lastKnownFileType = sourcecode.swift; path = MovieListInterfaces.swift; sourceTree = "<group>"; };
		4CC8460825FBDE5B007D316E /* MovieListPresenter.swift */ = {isa = PBXFileReference; lastKnownFileType = sourcecode.swift; path = MovieListPresenter.swift; sourceTree = "<group>"; };
		4CC8460925FBDE5B007D316E /* MovieListViewController.swift */ = {isa = PBXFileReference; lastKnownFileType = sourcecode.swift; path = MovieListViewController.swift; sourceTree = "<group>"; };
		4CC8460A25FBDE5B007D316E /* MovieListInteractor.swift */ = {isa = PBXFileReference; lastKnownFileType = sourcecode.swift; path = MovieListInteractor.swift; sourceTree = "<group>"; };
		4CC8460B25FBDE5B007D316E /* MovieListWireframe.swift */ = {isa = PBXFileReference; lastKnownFileType = sourcecode.swift; path = MovieListWireframe.swift; sourceTree = "<group>"; };
		4CC8461B25FBE254007D316E /* MovieCollectionViewCell.swift */ = {isa = PBXFileReference; lastKnownFileType = sourcecode.swift; path = MovieCollectionViewCell.swift; sourceTree = "<group>"; };
		4CC8462425FBE441007D316E /* CustomImageView.swift */ = {isa = PBXFileReference; lastKnownFileType = sourcecode.swift; path = CustomImageView.swift; sourceTree = "<group>"; };
		4CC8462D25FBE738007D316E /* MovieModel.swift */ = {isa = PBXFileReference; lastKnownFileType = sourcecode.swift; path = MovieModel.swift; sourceTree = "<group>"; };
		4CC8463525FBEC37007D316E /* URLHelper.swift */ = {isa = PBXFileReference; lastKnownFileType = sourcecode.swift; path = URLHelper.swift; sourceTree = "<group>"; };
		4CC8464025FBF935007D316E /* BaseResponseModel.swift */ = {isa = PBXFileReference; lastKnownFileType = sourcecode.swift; path = BaseResponseModel.swift; sourceTree = "<group>"; };
/* End PBXFileReference section */

/* Begin PBXFrameworksBuildPhase section */
		4CC845BF25FBDDD1007D316E /* Frameworks */ = {
			isa = PBXFrameworksBuildPhase;
			buildActionMask = 2147483647;
			files = (
			);
			runOnlyForDeploymentPostprocessing = 0;
		};
		4CC845D525FBDDD4007D316E /* Frameworks */ = {
			isa = PBXFrameworksBuildPhase;
			buildActionMask = 2147483647;
			files = (
			);
			runOnlyForDeploymentPostprocessing = 0;
		};
		4CC845E025FBDDD4007D316E /* Frameworks */ = {
			isa = PBXFrameworksBuildPhase;
			buildActionMask = 2147483647;
			files = (
			);
			runOnlyForDeploymentPostprocessing = 0;
		};
/* End PBXFrameworksBuildPhase section */

/* Begin PBXGroup section */
		4CC6BEA925FCBB1B00179E13 /* View */ = {
			isa = PBXGroup;
			children = (
				4CC6BEAA25FCBB4000179E13 /* MovieCardView.swift */,
				4C65557425FD433300A0F37D /* BottomView.swift */,
			);
			path = View;
			sourceTree = "<group>";
		};
		4CC6BEB325FCBE1F00179E13 /* MovieDetail */ = {
			isa = PBXGroup;
			children = (
				4CC6BEC925FCD44600179E13 /* Cell */,
				4CC6BEB425FCBE3600179E13 /* MovieDetailInterfaces.swift */,
				4CC6BEB525FCBE3600179E13 /* MovieDetailPresenter.swift */,
				4CC6BEB625FCBE3600179E13 /* MovieDetailViewController.swift */,
				4CC6BEB725FCBE3600179E13 /* MovieDetailInteractor.swift */,
				4CC6BEB825FCBE3600179E13 /* MovieDetailWireframe.swift */,
			);
			path = MovieDetail;
			sourceTree = "<group>";
		};
		4CC6BEC925FCD44600179E13 /* Cell */ = {
			isa = PBXGroup;
			children = (
				4CC6BECA25FCD46500179E13 /* ReviewCollectionViewCell.swift */,
			);
			path = Cell;
			sourceTree = "<group>";
		};
		4CC6BED225FCF14A00179E13 /* FavoriteMovieList */ = {
			isa = PBXGroup;
			children = (
				4CC6BED325FCF16F00179E13 /* FavoriteMovieListInterfaces.swift */,
				4CC6BED425FCF16F00179E13 /* FavoriteMovieListPresenter.swift */,
				4CC6BED525FCF16F00179E13 /* FavoriteMovieListViewController.swift */,
				4CC6BED625FCF16F00179E13 /* FavoriteMovieListInteractor.swift */,
				4CC6BED725FCF16F00179E13 /* FavoriteMovieListWireframe.swift */,
			);
			path = FavoriteMovieList;
			sourceTree = "<group>";
		};
		4CC845B925FBDDD1007D316E = {
			isa = PBXGroup;
			children = (
				4CC845C425FBDDD1007D316E /* Kitabisa Test */,
				4CC845DB25FBDDD4007D316E /* Kitabisa TestTests */,
				4CC845E625FBDDD4007D316E /* Kitabisa TestUITests */,
				4CC845C325FBDDD1007D316E /* Products */,
			);
			sourceTree = "<group>";
		};
		4CC845C325FBDDD1007D316E /* Products */ = {
			isa = PBXGroup;
			children = (
				4CC845C225FBDDD1007D316E /* Kitabisa Test.app */,
				4CC845D825FBDDD4007D316E /* Kitabisa TestTests.xctest */,
				4CC845E325FBDDD4007D316E /* Kitabisa TestUITests.xctest */,
			);
			name = Products;
			sourceTree = "<group>";
		};
		4CC845C425FBDDD1007D316E /* Kitabisa Test */ = {
			isa = PBXGroup;
			children = (
				4CC6BED225FCF14A00179E13 /* FavoriteMovieList */,
				4CC6BEB325FCBE1F00179E13 /* MovieDetail */,
				4CC8462C25FBE723007D316E /* Models */,
				4CC8462325FBE40A007D316E /* Utility */,
				4CC845F825FBDE3F007D316E /* MovieList */,
				4CC845F925FBDE3F007D316E /* Viper */,
				4CC845C525FBDDD1007D316E /* AppDelegate.swift */,
				4CC845C725FBDDD1007D316E /* SceneDelegate.swift */,
				4CC845C925FBDDD1007D316E /* ViewController.swift */,
				4CC845CE25FBDDD3007D316E /* Assets.xcassets */,
				4CC845D025FBDDD3007D316E /* LaunchScreen.storyboard */,
				4CC845D325FBDDD3007D316E /* Info.plist */,
			);
			path = "Kitabisa Test";
			sourceTree = "<group>";
		};
		4CC845DB25FBDDD4007D316E /* Kitabisa TestTests */ = {
			isa = PBXGroup;
			children = (
				4CC845DC25FBDDD4007D316E /* Kitabisa_TestTests.swift */,
				4CC845DE25FBDDD4007D316E /* Info.plist */,
			);
			path = "Kitabisa TestTests";
			sourceTree = "<group>";
		};
		4CC845E625FBDDD4007D316E /* Kitabisa TestUITests */ = {
			isa = PBXGroup;
			children = (
				4CC845E725FBDDD4007D316E /* Kitabisa_TestUITests.swift */,
				4CC845E925FBDDD4007D316E /* Info.plist */,
			);
			path = "Kitabisa TestUITests";
			sourceTree = "<group>";
		};
		4CC845F825FBDE3F007D316E /* MovieList */ = {
			isa = PBXGroup;
			children = (
				4CC6BEA925FCBB1B00179E13 /* View */,
				4CC8461A25FBE21A007D316E /* Cell */,
				4CC8460725FBDE5B007D316E /* MovieListInterfaces.swift */,
				4CC8460825FBDE5B007D316E /* MovieListPresenter.swift */,
				4CC8460925FBDE5B007D316E /* MovieListViewController.swift */,
				4CC8460A25FBDE5B007D316E /* MovieListInteractor.swift */,
				4CC8460B25FBDE5B007D316E /* MovieListWireframe.swift */,
			);
			path = MovieList;
			sourceTree = "<group>";
		};
		4CC845F925FBDE3F007D316E /* Viper */ = {
			isa = PBXGroup;
			children = (
				4CC845FA25FBDE3F007D316E /* BaseWireframe.swift */,
				4CC845FB25FBDE3F007D316E /* Extensions.swift */,
				4CC845FC25FBDE3F007D316E /* PresenterInterface.swift */,
				4CC845FD25FBDE3F007D316E /* ViewInterface.swift */,
				4CC845FE25FBDE3F007D316E /* InteractorInterface.swift */,
			);
			path = Viper;
			sourceTree = "<group>";
		};
		4CC8461A25FBE21A007D316E /* Cell */ = {
			isa = PBXGroup;
			children = (
				4CC8461B25FBE254007D316E /* MovieCollectionViewCell.swift */,
			);
			path = Cell;
			sourceTree = "<group>";
		};
		4CC8462325FBE40A007D316E /* Utility */ = {
			isa = PBXGroup;
			children = (
				4CC8462425FBE441007D316E /* CustomImageView.swift */,
				4CC8463525FBEC37007D316E /* URLHelper.swift */,
				4CC6BEE025FCF23F00179E13 /* UserDefaultsHelper.swift */,
			);
			path = Utility;
			sourceTree = "<group>";
		};
		4CC8462C25FBE723007D316E /* Models */ = {
			isa = PBXGroup;
			children = (
				4CC8462D25FBE738007D316E /* MovieModel.swift */,
				4CC8464025FBF935007D316E /* BaseResponseModel.swift */,
				4CC6BEC425FCD28D00179E13 /* ReviewModel.swift */,
			);
			path = Models;
			sourceTree = "<group>";
		};
/* End PBXGroup section */

/* Begin PBXNativeTarget section */
		4CC845C125FBDDD1007D316E /* Kitabisa Test */ = {
			isa = PBXNativeTarget;
			buildConfigurationList = 4CC845EC25FBDDD4007D316E /* Build configuration list for PBXNativeTarget "Kitabisa Test" */;
			buildPhases = (
				4CC845BE25FBDDD1007D316E /* Sources */,
				4CC845BF25FBDDD1007D316E /* Frameworks */,
				4CC845C025FBDDD1007D316E /* Resources */,
			);
			buildRules = (
			);
			dependencies = (
			);
			name = "Kitabisa Test";
			productName = "Kitabisa Test";
			productReference = 4CC845C225FBDDD1007D316E /* Kitabisa Test.app */;
			productType = "com.apple.product-type.application";
		};
		4CC845D725FBDDD4007D316E /* Kitabisa TestTests */ = {
			isa = PBXNativeTarget;
			buildConfigurationList = 4CC845EF25FBDDD4007D316E /* Build configuration list for PBXNativeTarget "Kitabisa TestTests" */;
			buildPhases = (
				4CC845D425FBDDD4007D316E /* Sources */,
				4CC845D525FBDDD4007D316E /* Frameworks */,
				4CC845D625FBDDD4007D316E /* Resources */,
			);
			buildRules = (
			);
			dependencies = (
				4CC845DA25FBDDD4007D316E /* PBXTargetDependency */,
			);
			name = "Kitabisa TestTests";
			productName = "Kitabisa TestTests";
			productReference = 4CC845D825FBDDD4007D316E /* Kitabisa TestTests.xctest */;
			productType = "com.apple.product-type.bundle.unit-test";
		};
		4CC845E225FBDDD4007D316E /* Kitabisa TestUITests */ = {
			isa = PBXNativeTarget;
			buildConfigurationList = 4CC845F225FBDDD4007D316E /* Build configuration list for PBXNativeTarget "Kitabisa TestUITests" */;
			buildPhases = (
				4CC845DF25FBDDD4007D316E /* Sources */,
				4CC845E025FBDDD4007D316E /* Frameworks */,
				4CC845E125FBDDD4007D316E /* Resources */,
			);
			buildRules = (
			);
			dependencies = (
				4CC845E525FBDDD4007D316E /* PBXTargetDependency */,
			);
			name = "Kitabisa TestUITests";
			productName = "Kitabisa TestUITests";
			productReference = 4CC845E325FBDDD4007D316E /* Kitabisa TestUITests.xctest */;
			productType = "com.apple.product-type.bundle.ui-testing";
		};
/* End PBXNativeTarget section */

/* Begin PBXProject section */
		4CC845BA25FBDDD1007D316E /* Project object */ = {
			isa = PBXProject;
			attributes = {
				LastSwiftUpdateCheck = 1210;
				LastUpgradeCheck = 1210;
				TargetAttributes = {
					4CC845C125FBDDD1007D316E = {
						CreatedOnToolsVersion = 12.1;
					};
					4CC845D725FBDDD4007D316E = {
						CreatedOnToolsVersion = 12.1;
						TestTargetID = 4CC845C125FBDDD1007D316E;
					};
					4CC845E225FBDDD4007D316E = {
						CreatedOnToolsVersion = 12.1;
						TestTargetID = 4CC845C125FBDDD1007D316E;
					};
				};
			};
			buildConfigurationList = 4CC845BD25FBDDD1007D316E /* Build configuration list for PBXProject "Kitabisa Test" */;
			compatibilityVersion = "Xcode 9.3";
			developmentRegion = en;
			hasScannedForEncodings = 0;
			knownRegions = (
				en,
				Base,
			);
			mainGroup = 4CC845B925FBDDD1007D316E;
			productRefGroup = 4CC845C325FBDDD1007D316E /* Products */;
			projectDirPath = "";
			projectRoot = "";
			targets = (
				4CC845C125FBDDD1007D316E /* Kitabisa Test */,
				4CC845D725FBDDD4007D316E /* Kitabisa TestTests */,
				4CC845E225FBDDD4007D316E /* Kitabisa TestUITests */,
			);
		};
/* End PBXProject section */

/* Begin PBXResourcesBuildPhase section */
		4CC845C025FBDDD1007D316E /* Resources */ = {
			isa = PBXResourcesBuildPhase;
			buildActionMask = 2147483647;
			files = (
				4CC845D225FBDDD3007D316E /* LaunchScreen.storyboard in Resources */,
				4CC845CF25FBDDD3007D316E /* Assets.xcassets in Resources */,
			);
			runOnlyForDeploymentPostprocessing = 0;
		};
		4CC845D625FBDDD4007D316E /* Resources */ = {
			isa = PBXResourcesBuildPhase;
			buildActionMask = 2147483647;
			files = (
			);
			runOnlyForDeploymentPostprocessing = 0;
		};
		4CC845E125FBDDD4007D316E /* Resources */ = {
			isa = PBXResourcesBuildPhase;
			buildActionMask = 2147483647;
			files = (
			);
			runOnlyForDeploymentPostprocessing = 0;
		};
/* End PBXResourcesBuildPhase section */

/* Begin PBXSourcesBuildPhase section */
		4CC845BE25FBDDD1007D316E /* Sources */ = {
			isa = PBXSourcesBuildPhase;
			buildActionMask = 2147483647;
			files = (
				4CC8460325FBDE3F007D316E /* InteractorInterface.swift in Sources */,
				4CC6BEB925FCBE3600179E13 /* MovieDetailInterfaces.swift in Sources */,
				4CC6BEBD25FCBE3600179E13 /* MovieDetailWireframe.swift in Sources */,
				4CC8463625FBEC37007D316E /* URLHelper.swift in Sources */,
				4CC8460025FBDE3F007D316E /* Extensions.swift in Sources */,
				4CC6BEC525FCD28D00179E13 /* ReviewModel.swift in Sources */,
				4CC6BED825FCF16F00179E13 /* FavoriteMovieListInterfaces.swift in Sources */,
				4CC8460C25FBDE5B007D316E /* MovieListInterfaces.swift in Sources */,
				4CC8462525FBE441007D316E /* CustomImageView.swift in Sources */,
				4CC845CA25FBDDD1007D316E /* ViewController.swift in Sources */,
				4CC6BEE125FCF23F00179E13 /* UserDefaultsHelper.swift in Sources */,
				4CC8460125FBDE3F007D316E /* PresenterInterface.swift in Sources */,
				4CC6BEBC25FCBE3600179E13 /* MovieDetailInteractor.swift in Sources */,
				4CC845C625FBDDD1007D316E /* AppDelegate.swift in Sources */,
				4CC6BEBA25FCBE3600179E13 /* MovieDetailPresenter.swift in Sources */,
				4C65557525FD433300A0F37D /* BottomView.swift in Sources */,
				4CC6BED925FCF16F00179E13 /* FavoriteMovieListPresenter.swift in Sources */,
				4CC8460225FBDE3F007D316E /* ViewInterface.swift in Sources */,
				4CC6BEDA25FCF16F00179E13 /* FavoriteMovieListViewController.swift in Sources */,
				4CC8464125FBF935007D316E /* BaseResponseModel.swift in Sources */,
				4CC8460F25FBDE5B007D316E /* MovieListInteractor.swift in Sources */,
				4CC6BEDB25FCF16F00179E13 /* FavoriteMovieListInteractor.swift in Sources */,
				4CC8460E25FBDE5B007D316E /* MovieListViewController.swift in Sources */,
				4CC845C825FBDDD1007D316E /* SceneDelegate.swift in Sources */,
				4CC8461025FBDE5B007D316E /* MovieListWireframe.swift in Sources */,
				4CC8462E25FBE738007D316E /* MovieModel.swift in Sources */,
				4CC6BECB25FCD46500179E13 /* ReviewCollectionViewCell.swift in Sources */,
				4CC8461C25FBE254007D316E /* MovieCollectionViewCell.swift in Sources */,
				4CC6BEDC25FCF16F00179E13 /* FavoriteMovieListWireframe.swift in Sources */,
				4CC845FF25FBDE3F007D316E /* BaseWireframe.swift in Sources */,
				4CC6BEAB25FCBB4000179E13 /* MovieCardView.swift in Sources */,
				4CC6BEBB25FCBE3600179E13 /* MovieDetailViewController.swift in Sources */,
				4CC8460D25FBDE5B007D316E /* MovieListPresenter.swift in Sources */,
			);
			runOnlyForDeploymentPostprocessing = 0;
		};
		4CC845D425FBDDD4007D316E /* Sources */ = {
			isa = PBXSourcesBuildPhase;
			buildActionMask = 2147483647;
			files = (
				4CC845DD25FBDDD4007D316E /* Kitabisa_TestTests.swift in Sources */,
			);
			runOnlyForDeploymentPostprocessing = 0;
		};
		4CC845DF25FBDDD4007D316E /* Sources */ = {
			isa = PBXSourcesBuildPhase;
			buildActionMask = 2147483647;
			files = (
				4CC845E825FBDDD4007D316E /* Kitabisa_TestUITests.swift in Sources */,
			);
			runOnlyForDeploymentPostprocessing = 0;
		};
/* End PBXSourcesBuildPhase section */

/* Begin PBXTargetDependency section */
		4CC845DA25FBDDD4007D316E /* PBXTargetDependency */ = {
			isa = PBXTargetDependency;
			target = 4CC845C125FBDDD1007D316E /* Kitabisa Test */;
			targetProxy = 4CC845D925FBDDD4007D316E /* PBXContainerItemProxy */;
		};
		4CC845E525FBDDD4007D316E /* PBXTargetDependency */ = {
			isa = PBXTargetDependency;
			target = 4CC845C125FBDDD1007D316E /* Kitabisa Test */;
			targetProxy = 4CC845E425FBDDD4007D316E /* PBXContainerItemProxy */;
		};
/* End PBXTargetDependency section */

/* Begin PBXVariantGroup section */
		4CC845D025FBDDD3007D316E /* LaunchScreen.storyboard */ = {
			isa = PBXVariantGroup;
			children = (
				4CC845D125FBDDD3007D316E /* Base */,
			);
			name = LaunchScreen.storyboard;
			sourceTree = "<group>";
		};
/* End PBXVariantGroup section */

/* Begin XCBuildConfiguration section */
		4CC845EA25FBDDD4007D316E /* Debug */ = {
			isa = XCBuildConfiguration;
			buildSettings = {
				ALWAYS_SEARCH_USER_PATHS = NO;
				CLANG_ANALYZER_NONNULL = YES;
				CLANG_ANALYZER_NUMBER_OBJECT_CONVERSION = YES_AGGRESSIVE;
				CLANG_CXX_LANGUAGE_STANDARD = "gnu++14";
				CLANG_CXX_LIBRARY = "libc++";
				CLANG_ENABLE_MODULES = YES;
				CLANG_ENABLE_OBJC_ARC = YES;
				CLANG_ENABLE_OBJC_WEAK = YES;
				CLANG_WARN_BLOCK_CAPTURE_AUTORELEASING = YES;
				CLANG_WARN_BOOL_CONVERSION = YES;
				CLANG_WARN_COMMA = YES;
				CLANG_WARN_CONSTANT_CONVERSION = YES;
				CLANG_WARN_DEPRECATED_OBJC_IMPLEMENTATIONS = YES;
				CLANG_WARN_DIRECT_OBJC_ISA_USAGE = YES_ERROR;
				CLANG_WARN_DOCUMENTATION_COMMENTS = YES;
				CLANG_WARN_EMPTY_BODY = YES;
				CLANG_WARN_ENUM_CONVERSION = YES;
				CLANG_WARN_INFINITE_RECURSION = YES;
				CLANG_WARN_INT_CONVERSION = YES;
				CLANG_WARN_NON_LITERAL_NULL_CONVERSION = YES;
				CLANG_WARN_OBJC_IMPLICIT_RETAIN_SELF = YES;
				CLANG_WARN_OBJC_LITERAL_CONVERSION = YES;
				CLANG_WARN_OBJC_ROOT_CLASS = YES_ERROR;
				CLANG_WARN_QUOTED_INCLUDE_IN_FRAMEWORK_HEADER = YES;
				CLANG_WARN_RANGE_LOOP_ANALYSIS = YES;
				CLANG_WARN_STRICT_PROTOTYPES = YES;
				CLANG_WARN_SUSPICIOUS_MOVE = YES;
				CLANG_WARN_UNGUARDED_AVAILABILITY = YES_AGGRESSIVE;
				CLANG_WARN_UNREACHABLE_CODE = YES;
				CLANG_WARN__DUPLICATE_METHOD_MATCH = YES;
				COPY_PHASE_STRIP = NO;
				DEBUG_INFORMATION_FORMAT = dwarf;
				ENABLE_STRICT_OBJC_MSGSEND = YES;
				ENABLE_TESTABILITY = YES;
				GCC_C_LANGUAGE_STANDARD = gnu11;
				GCC_DYNAMIC_NO_PIC = NO;
				GCC_NO_COMMON_BLOCKS = YES;
				GCC_OPTIMIZATION_LEVEL = 0;
				GCC_PREPROCESSOR_DEFINITIONS = (
					"DEBUG=1",
					"$(inherited)",
				);
				GCC_WARN_64_TO_32_BIT_CONVERSION = YES;
				GCC_WARN_ABOUT_RETURN_TYPE = YES_ERROR;
				GCC_WARN_UNDECLARED_SELECTOR = YES;
				GCC_WARN_UNINITIALIZED_AUTOS = YES_AGGRESSIVE;
				GCC_WARN_UNUSED_FUNCTION = YES;
				GCC_WARN_UNUSED_VARIABLE = YES;
				IPHONEOS_DEPLOYMENT_TARGET = 14.1;
				MTL_ENABLE_DEBUG_INFO = INCLUDE_SOURCE;
				MTL_FAST_MATH = YES;
				ONLY_ACTIVE_ARCH = YES;
				SDKROOT = iphoneos;
				SWIFT_ACTIVE_COMPILATION_CONDITIONS = DEBUG;
				SWIFT_OPTIMIZATION_LEVEL = "-Onone";
			};
			name = Debug;
		};
		4CC845EB25FBDDD4007D316E /* Release */ = {
			isa = XCBuildConfiguration;
			buildSettings = {
				ALWAYS_SEARCH_USER_PATHS = NO;
				CLANG_ANALYZER_NONNULL = YES;
				CLANG_ANALYZER_NUMBER_OBJECT_CONVERSION = YES_AGGRESSIVE;
				CLANG_CXX_LANGUAGE_STANDARD = "gnu++14";
				CLANG_CXX_LIBRARY = "libc++";
				CLANG_ENABLE_MODULES = YES;
				CLANG_ENABLE_OBJC_ARC = YES;
				CLANG_ENABLE_OBJC_WEAK = YES;
				CLANG_WARN_BLOCK_CAPTURE_AUTORELEASING = YES;
				CLANG_WARN_BOOL_CONVERSION = YES;
				CLANG_WARN_COMMA = YES;
				CLANG_WARN_CONSTANT_CONVERSION = YES;
				CLANG_WARN_DEPRECATED_OBJC_IMPLEMENTATIONS = YES;
				CLANG_WARN_DIRECT_OBJC_ISA_USAGE = YES_ERROR;
				CLANG_WARN_DOCUMENTATION_COMMENTS = YES;
				CLANG_WARN_EMPTY_BODY = YES;
				CLANG_WARN_ENUM_CONVERSION = YES;
				CLANG_WARN_INFINITE_RECURSION = YES;
				CLANG_WARN_INT_CONVERSION = YES;
				CLANG_WARN_NON_LITERAL_NULL_CONVERSION = YES;
				CLANG_WARN_OBJC_IMPLICIT_RETAIN_SELF = YES;
				CLANG_WARN_OBJC_LITERAL_CONVERSION = YES;
				CLANG_WARN_OBJC_ROOT_CLASS = YES_ERROR;
				CLANG_WARN_QUOTED_INCLUDE_IN_FRAMEWORK_HEADER = YES;
				CLANG_WARN_RANGE_LOOP_ANALYSIS = YES;
				CLANG_WARN_STRICT_PROTOTYPES = YES;
				CLANG_WARN_SUSPICIOUS_MOVE = YES;
				CLANG_WARN_UNGUARDED_AVAILABILITY = YES_AGGRESSIVE;
				CLANG_WARN_UNREACHABLE_CODE = YES;
				CLANG_WARN__DUPLICATE_METHOD_MATCH = YES;
				COPY_PHASE_STRIP = NO;
				DEBUG_INFORMATION_FORMAT = "dwarf-with-dsym";
				ENABLE_NS_ASSERTIONS = NO;
				ENABLE_STRICT_OBJC_MSGSEND = YES;
				GCC_C_LANGUAGE_STANDARD = gnu11;
				GCC_NO_COMMON_BLOCKS = YES;
				GCC_WARN_64_TO_32_BIT_CONVERSION = YES;
				GCC_WARN_ABOUT_RETURN_TYPE = YES_ERROR;
				GCC_WARN_UNDECLARED_SELECTOR = YES;
				GCC_WARN_UNINITIALIZED_AUTOS = YES_AGGRESSIVE;
				GCC_WARN_UNUSED_FUNCTION = YES;
				GCC_WARN_UNUSED_VARIABLE = YES;
				IPHONEOS_DEPLOYMENT_TARGET = 14.1;
				MTL_ENABLE_DEBUG_INFO = NO;
				MTL_FAST_MATH = YES;
				SDKROOT = iphoneos;
				SWIFT_COMPILATION_MODE = wholemodule;
				SWIFT_OPTIMIZATION_LEVEL = "-O";
				VALIDATE_PRODUCT = YES;
			};
			name = Release;
		};
		4CC845ED25FBDDD4007D316E /* Debug */ = {
			isa = XCBuildConfiguration;
			buildSettings = {
				ASSETCATALOG_COMPILER_APPICON_NAME = AppIcon;
				ASSETCATALOG_COMPILER_GLOBAL_ACCENT_COLOR_NAME = AccentColor;
				CODE_SIGN_STYLE = Automatic;
				DEVELOPMENT_TEAM = 2G4YL97AU4;
				INFOPLIST_FILE = "Kitabisa Test/Info.plist";
				LD_RUNPATH_SEARCH_PATHS = (
					"$(inherited)",
					"@executable_path/Frameworks",
				);
				PRODUCT_BUNDLE_IDENTIFIER = "Fajri-Ramadhan.Kitabisa-Test";
				PRODUCT_NAME = "$(TARGET_NAME)";
				SWIFT_VERSION = 5.0;
				TARGETED_DEVICE_FAMILY = "1,2";
			};
			name = Debug;
		};
		4CC845EE25FBDDD4007D316E /* Release */ = {
			isa = XCBuildConfiguration;
			buildSettings = {
				ASSETCATALOG_COMPILER_APPICON_NAME = AppIcon;
				ASSETCATALOG_COMPILER_GLOBAL_ACCENT_COLOR_NAME = AccentColor;
				CODE_SIGN_STYLE = Automatic;
				DEVELOPMENT_TEAM = 2G4YL97AU4;
				INFOPLIST_FILE = "Kitabisa Test/Info.plist";
				LD_RUNPATH_SEARCH_PATHS = (
					"$(inherited)",
					"@executable_path/Frameworks",
				);
				PRODUCT_BUNDLE_IDENTIFIER = "Fajri-Ramadhan.Kitabisa-Test";
				PRODUCT_NAME = "$(TARGET_NAME)";
				SWIFT_VERSION = 5.0;
				TARGETED_DEVICE_FAMILY = "1,2";
			};
			name = Release;
		};
		4CC845F025FBDDD4007D316E /* Debug */ = {
			isa = XCBuildConfiguration;
			buildSettings = {
				ALWAYS_EMBED_SWIFT_STANDARD_LIBRARIES = YES;
				BUNDLE_LOADER = "$(TEST_HOST)";
				CODE_SIGN_STYLE = Automatic;
				DEVELOPMENT_TEAM = 2G4YL97AU4;
				INFOPLIST_FILE = "Kitabisa TestTests/Info.plist";
				IPHONEOS_DEPLOYMENT_TARGET = 14.1;
				LD_RUNPATH_SEARCH_PATHS = (
					"$(inherited)",
					"@executable_path/Frameworks",
					"@loader_path/Frameworks",
				);
				PRODUCT_BUNDLE_IDENTIFIER = "Fajri-Ramadhan.Kitabisa-TestTests";
				PRODUCT_NAME = "$(TARGET_NAME)";
				SWIFT_VERSION = 5.0;
				TARGETED_DEVICE_FAMILY = "1,2";
				TEST_HOST = "$(BUILT_PRODUCTS_DIR)/Kitabisa Test.app/Kitabisa Test";
			};
			name = Debug;
		};
		4CC845F125FBDDD4007D316E /* Release */ = {
			isa = XCBuildConfiguration;
			buildSettings = {
				ALWAYS_EMBED_SWIFT_STANDARD_LIBRARIES = YES;
				BUNDLE_LOADER = "$(TEST_HOST)";
				CODE_SIGN_STYLE = Automatic;
				DEVELOPMENT_TEAM = 2G4YL97AU4;
				INFOPLIST_FILE = "Kitabisa TestTests/Info.plist";
				IPHONEOS_DEPLOYMENT_TARGET = 14.1;
				LD_RUNPATH_SEARCH_PATHS = (
					"$(inherited)",
					"@executable_path/Frameworks",
					"@loader_path/Frameworks",
				);
				PRODUCT_BUNDLE_IDENTIFIER = "Fajri-Ramadhan.Kitabisa-TestTests";
				PRODUCT_NAME = "$(TARGET_NAME)";
				SWIFT_VERSION = 5.0;
				TARGETED_DEVICE_FAMILY = "1,2";
				TEST_HOST = "$(BUILT_PRODUCTS_DIR)/Kitabisa Test.app/Kitabisa Test";
			};
			name = Release;
		};
		4CC845F325FBDDD4007D316E /* Debug */ = {
			isa = XCBuildConfiguration;
			buildSettings = {
				ALWAYS_EMBED_SWIFT_STANDARD_LIBRARIES = YES;
				CODE_SIGN_STYLE = Automatic;
				DEVELOPMENT_TEAM = 2G4YL97AU4;
				INFOPLIST_FILE = "Kitabisa TestUITests/Info.plist";
				LD_RUNPATH_SEARCH_PATHS = (
					"$(inherited)",
					"@executable_path/Frameworks",
					"@loader_path/Frameworks",
				);
				PRODUCT_BUNDLE_IDENTIFIER = "Fajri-Ramadhan.Kitabisa-TestUITests";
				PRODUCT_NAME = "$(TARGET_NAME)";
				SWIFT_VERSION = 5.0;
				TARGETED_DEVICE_FAMILY = "1,2";
				TEST_TARGET_NAME = "Kitabisa Test";
			};
			name = Debug;
		};
		4CC845F425FBDDD4007D316E /* Release */ = {
			isa = XCBuildConfiguration;
			buildSettings = {
				ALWAYS_EMBED_SWIFT_STANDARD_LIBRARIES = YES;
				CODE_SIGN_STYLE = Automatic;
				DEVELOPMENT_TEAM = 2G4YL97AU4;
				INFOPLIST_FILE = "Kitabisa TestUITests/Info.plist";
				LD_RUNPATH_SEARCH_PATHS = (
					"$(inherited)",
					"@executable_path/Frameworks",
					"@loader_path/Frameworks",
				);
				PRODUCT_BUNDLE_IDENTIFIER = "Fajri-Ramadhan.Kitabisa-TestUITests";
				PRODUCT_NAME = "$(TARGET_NAME)";
				SWIFT_VERSION = 5.0;
				TARGETED_DEVICE_FAMILY = "1,2";
				TEST_TARGET_NAME = "Kitabisa Test";
			};
			name = Release;
		};
/* End XCBuildConfiguration section */

/* Begin XCConfigurationList section */
		4CC845BD25FBDDD1007D316E /* Build configuration list for PBXProject "Kitabisa Test" */ = {
			isa = XCConfigurationList;
			buildConfigurations = (
				4CC845EA25FBDDD4007D316E /* Debug */,
				4CC845EB25FBDDD4007D316E /* Release */,
			);
			defaultConfigurationIsVisible = 0;
			defaultConfigurationName = Release;
		};
		4CC845EC25FBDDD4007D316E /* Build configuration list for PBXNativeTarget "Kitabisa Test" */ = {
			isa = XCConfigurationList;
			buildConfigurations = (
				4CC845ED25FBDDD4007D316E /* Debug */,
				4CC845EE25FBDDD4007D316E /* Release */,
			);
			defaultConfigurationIsVisible = 0;
			defaultConfigurationName = Release;
		};
		4CC845EF25FBDDD4007D316E /* Build configuration list for PBXNativeTarget "Kitabisa TestTests" */ = {
			isa = XCConfigurationList;
			buildConfigurations = (
				4CC845F025FBDDD4007D316E /* Debug */,
				4CC845F125FBDDD4007D316E /* Release */,
			);
			defaultConfigurationIsVisible = 0;
			defaultConfigurationName = Release;
		};
		4CC845F225FBDDD4007D316E /* Build configuration list for PBXNativeTarget "Kitabisa TestUITests" */ = {
			isa = XCConfigurationList;
			buildConfigurations = (
				4CC845F325FBDDD4007D316E /* Debug */,
				4CC845F425FBDDD4007D316E /* Release */,
			);
			defaultConfigurationIsVisible = 0;
			defaultConfigurationName = Release;
		};
/* End XCConfigurationList section */
	};
	rootObject = 4CC845BA25FBDDD1007D316E /* Project object */;
}
